
Microsoft Visual Studio Solution File, Format Version 12.00
# Visual Studio 2012
Project("{E24C65DC-7377-472B-9ABA-BC803B73C61A}") = "Prototipo", ".", "{EB757587-7946-4C8B-8478-9FAADEF3C0CD}"
	ProjectSection(WebsiteProperties) = preProject
		TargetFrameworkMoniker = ".NETFramework,Version%3Dv4.5"
		Debug.AspNetCompiler.VirtualPath = "/Prototipo"
		Debug.AspNetCompiler.PhysicalPath = "..\..\..\..\..\..\Fontes\NopCommerce\Prototipo\"
		Debug.AspNetCompiler.TargetPath = "PrecompiledWeb\Prototipo\"
		Debug.AspNetCompiler.Updateable = "true"
		Debug.AspNetCompiler.ForceOverwrite = "true"
		Debug.AspNetCompiler.FixedNames = "false"
		Debug.AspNetCompiler.Debug = "True"
		Release.AspNetCompiler.VirtualPath = "/Prototipo"
		Release.AspNetCompiler.PhysicalPath = "..\..\..\..\..\..\Fontes\NopCommerce\Prototipo\"
		Release.AspNetCompiler.TargetPath = "PrecompiledWeb\Prototipo\"
		Release.AspNetCompiler.Updateable = "true"
		Release.AspNetCompiler.ForceOverwrite = "true"
		Release.AspNetCompiler.FixedNames = "false"
		Release.AspNetCompiler.Debug = "False"
		VWDPort = "50893"
	EndProjectSection
EndProject
Global
	GlobalSection(SolutionConfigurationPlatforms) = preSolution
		Debug|Any CPU = Debug|Any CPU
	EndGlobalSection
	GlobalSection(ProjectConfigurationPlatforms) = postSolution
		{EB757587-7946-4C8B-8478-9FAADEF3C0CD}.Debug|Any CPU.ActiveCfg = Debug|Any CPU
		{EB757587-7946-4C8B-8478-9FAADEF3C0CD}.Debug|Any CPU.Build.0 = Debug|Any CPU
	EndGlobalSection
	GlobalSection(SolutionProperties) = preSolution
		HideSolutionNode = FALSE
	EndGlobalSection
EndGlobal
